
Microsoft Visual Studio Solution File, Format Version 12.00
# Visual Studio Version 17
VisualStudioVersion = 17.8.34511.84
MinimumVisualStudioVersion = 10.0.40219.1
Project("{9A19103F-16F7-4668-BE54-9A1E7A4F7556}") = "Cinema", "Cinema\Cinema.csproj", "{22442A8D-6FBC-4906-B68E-E4CC2C913FCB}"
EndProject
Project("{FAE04EC0-301F-11D3-BF4B-00C04F79EFBC}") = "MyWordPad", "MyWordPad\MyWordPad.csproj", "{06A466F5-CF33-4DC8-92B4-552324169DCA}"
EndProject
Project("{FAE04EC0-301F-11D3-BF4B-00C04F79EFBC}") = "BT", "BT\BT.csproj", "{E6092F6E-77F0-4DC0-8F7C-D6D083A1C6C6}"
EndProject
Project("{FAE04EC0-301F-11D3-BF4B-00C04F79EFBC}") = "DongHoRun", "DongHoRun\DongHoRun.csproj", "{73E31C12-0B9E-451D-B164-2B43B68B2B74}"
EndProject
Project("{9A19103F-16F7-4668-BE54-9A1E7A4F7556}") = "MyUserControl", "MyUserControl\MyUserControl.csproj", "{03305069-9DD6-4353-A109-1050143850AE}"
EndProject
Project("{9A19103F-16F7-4668-BE54-9A1E7A4F7556}") = "MyUserControl2", "MyUserControl2\MyUserControl2.csproj", "{F6ADED8F-0C67-444F-96BE-6AB08310D951}"
EndProject
Project("{FAE04EC0-301F-11D3-BF4B-00C04F79EFBC}") = "testcontrol", "testcontrol\testcontrol.csproj", "{B2C563B3-4067-4590-BBF1-DF5E56EEC907}"
EndProject
Project("{FAE04EC0-301F-11D3-BF4B-00C04F79EFBC}") = "Quanlinhanvien", "Quanlinhanvien\Quanlinhanvien.csproj", "{C469BF35-D584-4F49-86DE-3896EDA4B513}"
EndProject
Project("{FAE04EC0-301F-11D3-BF4B-00C04F79EFBC}") = "MyPaint", "MyPaint\MyPaint.csproj", "{4865677A-256D-4D6E-AAB9-A9D4AAD81526}"
EndProject
Project("{9A19103F-16F7-4668-BE54-9A1E7A4F7556}") = "MDIDemo", "MDIDemo\MDIDemo.csproj", "{54A94765-26C7-46CC-AE63-0C26C059459F}"
EndProject
Project("{9A19103F-16F7-4668-BE54-9A1E7A4F7556}") = "GDIDemo", "GDIDemo\GDIDemo.csproj", "{8BCC3729-5BD6-48D9-ACBA-9C96F3D3070B}"
EndProject
Project("{9A19103F-16F7-4668-BE54-9A1E7A4F7556}") = "Lap06GDI", "Lap06GDI\Lap06GDI.csproj", "{AD2BB6C0-2F11-4A80-8CF8-A007F27F434B}"
EndProject
Project("{FAE04EC0-301F-11D3-BF4B-00C04F79EFBC}") = "TestAdoSQL", "TestAdoSQL\TestAdoSQL.csproj", "{71F6DB11-9556-4F9C-AC41-BB8627ACF9FB}"
EndProject
Project("{FAE04EC0-301F-11D3-BF4B-00C04F79EFBC}") = "testSQLAdo", "testSQLAdo\testSQLAdo.csproj", "{1B835A0F-5413-4587-A5BB-895A6A93D894}"
EndProject
Project("{FAE04EC0-301F-11D3-BF4B-00C04F79EFBC}") = "BaiSQLHocSinh", "BaiSQLHocSinh\BaiSQLHocSinh.csproj", "{D9CF1171-9A58-4038-A063-542C8E6A347B}"
EndProject
Project("{FAE04EC0-301F-11D3-BF4B-00C04F79EFBC}") = "demoLinQ", "demoLinQ\demoLinQ.csproj", "{67478467-908E-4602-B52B-B3C937CB7379}"
EndProject
Project("{FAE04EC0-301F-11D3-BF4B-00C04F79EFBC}") = "TestTry2", "TestTry2\TestTry2.csproj", "{54DD3EF5-3AE3-4CBC-8C46-CE8906F64332}"
EndProject
Project("{FAE04EC0-301F-11D3-BF4B-00C04F79EFBC}") = "UcDongHo", "..\UcDongHo\UcDongHo.csproj", "{3702992A-22A9-45FC-A6E6-1B3D9A2003B4}"
EndProject
Project("{FAE04EC0-301F-11D3-BF4B-00C04F79EFBC}") = "TaoTableDong", "TaoTableDong\TaoTableDong.csproj", "{59099E8F-4835-4C02-BC1C-405D9E9F22AB}"
EndProject
Project("{FAE04EC0-301F-11D3-BF4B-00C04F79EFBC}") = "AddName", "AddName\AddName.csproj", "{7E9E545D-B9AE-45FC-B9B7-C072D83F01B2}"
EndProject
Project("{FAE04EC0-301F-11D3-BF4B-00C04F79EFBC}") = "NguyenTrungTinh_2100002099", "NguyenTrungTinh_2100002099\NguyenTrungTinh_2100002099.csproj", "{A9D5263D-5DEB-4C21-BEB8-4E0C96EB4241}"
EndProject
Project("{FAE04EC0-301F-11D3-BF4B-00C04F79EFBC}") = "DemoReport", "..\DemoReport\DemoReport.csproj", "{18ED37DA-EB07-445B-8870-8DAFDBB87C4F}"
EndProject
Project("{FAE04EC0-301F-11D3-BF4B-00C04F79EFBC}") = "Lap09Report", "Lap09Report\Lap09Report.csproj", "{AC9FE8E7-A2F2-480D-AF7C-721BEFF59955}"
EndProject
Project("{FAE04EC0-301F-11D3-BF4B-00C04F79EFBC}") = "Demo_CRUD_cinema", "Demo_CRUD_cinema\Demo_CRUD_cinema.csproj", "{8921A8B6-892A-49E6-9039-E9605768E103}"
EndProject
Global
	GlobalSection(SolutionConfigurationPlatforms) = preSolution
		Debug|Any CPU = Debug|Any CPU
		Release|Any CPU = Release|Any CPU
	EndGlobalSection
	GlobalSection(ProjectConfigurationPlatforms) = postSolution
		{22442A8D-6FBC-4906-B68E-E4CC2C913FCB}.Debug|Any CPU.ActiveCfg = Debug|Any CPU
		{22442A8D-6FBC-4906-B68E-E4CC2C913FCB}.Debug|Any CPU.Build.0 = Debug|Any CPU
		{22442A8D-6FBC-4906-B68E-E4CC2C913FCB}.Release|Any CPU.ActiveCfg = Release|Any CPU
		{22442A8D-6FBC-4906-B68E-E4CC2C913FCB}.Release|Any CPU.Build.0 = Release|Any CPU
		{06A466F5-CF33-4DC8-92B4-552324169DCA}.Debug|Any CPU.ActiveCfg = Debug|Any CPU
		{06A466F5-CF33-4DC8-92B4-552324169DCA}.Debug|Any CPU.Build.0 = Debug|Any CPU
		{06A466F5-CF33-4DC8-92B4-552324169DCA}.Release|Any CPU.ActiveCfg = Release|Any CPU
		{06A466F5-CF33-4DC8-92B4-552324169DCA}.Release|Any CPU.Build.0 = Release|Any CPU
		{E6092F6E-77F0-4DC0-8F7C-D6D083A1C6C6}.Debug|Any CPU.ActiveCfg = Debug|Any CPU
		{E6092F6E-77F0-4DC0-8F7C-D6D083A1C6C6}.Debug|Any CPU.Build.0 = Debug|Any CPU
		{E6092F6E-77F0-4DC0-8F7C-D6D083A1C6C6}.Release|Any CPU.ActiveCfg = Release|Any CPU
		{E6092F6E-77F0-4DC0-8F7C-D6D083A1C6C6}.Release|Any CPU.Build.0 = Release|Any CPU
		{73E31C12-0B9E-451D-B164-2B43B68B2B74}.Debug|Any CPU.ActiveCfg = Debug|Any CPU
		{73E31C12-0B9E-451D-B164-2B43B68B2B74}.Debug|Any CPU.Build.0 = Debug|Any CPU
		{73E31C12-0B9E-451D-B164-2B43B68B2B74}.Release|Any CPU.ActiveCfg = Release|Any CPU
		{73E31C12-0B9E-451D-B164-2B43B68B2B74}.Release|Any CPU.Build.0 = Release|Any CPU
		{03305069-9DD6-4353-A109-1050143850AE}.Debug|Any CPU.ActiveCfg = Debug|Any CPU
		{03305069-9DD6-4353-A109-1050143850AE}.Debug|Any CPU.Build.0 = Debug|Any CPU
		{03305069-9DD6-4353-A109-1050143850AE}.Release|Any CPU.ActiveCfg = Release|Any CPU
		{03305069-9DD6-4353-A109-1050143850AE}.Release|Any CPU.Build.0 = Release|Any CPU
		{F6ADED8F-0C67-444F-96BE-6AB08310D951}.Debug|Any CPU.ActiveCfg = Debug|Any CPU
		{F6ADED8F-0C67-444F-96BE-6AB08310D951}.Debug|Any CPU.Build.0 = Debug|Any CPU
		{F6ADED8F-0C67-444F-96BE-6AB08310D951}.Release|Any CPU.ActiveCfg = Release|Any CPU
		{F6ADED8F-0C67-444F-96BE-6AB08310D951}.Release|Any CPU.Build.0 = Release|Any CPU
		{B2C563B3-4067-4590-BBF1-DF5E56EEC907}.Debug|Any CPU.ActiveCfg = Debug|Any CPU
		{B2C563B3-4067-4590-BBF1-DF5E56EEC907}.Debug|Any CPU.Build.0 = Debug|Any CPU
		{B2C563B3-4067-4590-BBF1-DF5E56EEC907}.Release|Any CPU.ActiveCfg = Release|Any CPU
		{B2C563B3-4067-4590-BBF1-DF5E56EEC907}.Release|Any CPU.Build.0 = Release|Any CPU
		{C469BF35-D584-4F49-86DE-3896EDA4B513}.Debug|Any CPU.ActiveCfg = Debug|Any CPU
		{C469BF35-D584-4F49-86DE-3896EDA4B513}.Debug|Any CPU.Build.0 = Debug|Any CPU
		{C469BF35-D584-4F49-86DE-3896EDA4B513}.Release|Any CPU.ActiveCfg = Release|Any CPU
		{C469BF35-D584-4F49-86DE-3896EDA4B513}.Release|Any CPU.Build.0 = Release|Any CPU
		{4865677A-256D-4D6E-AAB9-A9D4AAD81526}.Debug|Any CPU.ActiveCfg = Debug|Any CPU
		{4865677A-256D-4D6E-AAB9-A9D4AAD81526}.Debug|Any CPU.Build.0 = Debug|Any CPU
		{4865677A-256D-4D6E-AAB9-A9D4AAD81526}.Release|Any CPU.ActiveCfg = Release|Any CPU
		{4865677A-256D-4D6E-AAB9-A9D4AAD81526}.Release|Any CPU.Build.0 = Release|Any CPU
		{54A94765-26C7-46CC-AE63-0C26C059459F}.Debug|Any CPU.ActiveCfg = Debug|Any CPU
		{54A94765-26C7-46CC-AE63-0C26C059459F}.Debug|Any CPU.Build.0 = Debug|Any CPU
		{54A94765-26C7-46CC-AE63-0C26C059459F}.Release|Any CPU.ActiveCfg = Release|Any CPU
		{54A94765-26C7-46CC-AE63-0C26C059459F}.Release|Any CPU.Build.0 = Release|Any CPU
		{8BCC3729-5BD6-48D9-ACBA-9C96F3D3070B}.Debug|Any CPU.ActiveCfg = Debug|Any CPU
		{8BCC3729-5BD6-48D9-ACBA-9C96F3D3070B}.Debug|Any CPU.Build.0 = Debug|Any CPU
		{8BCC3729-5BD6-48D9-ACBA-9C96F3D3070B}.Release|Any CPU.ActiveCfg = Release|Any CPU
		{8BCC3729-5BD6-48D9-ACBA-9C96F3D3070B}.Release|Any CPU.Build.0 = Release|Any CPU
		{AD2BB6C0-2F11-4A80-8CF8-A007F27F434B}.Debug|Any CPU.ActiveCfg = Debug|Any CPU
		{AD2BB6C0-2F11-4A80-8CF8-A007F27F434B}.Debug|Any CPU.Build.0 = Debug|Any CPU
		{AD2BB6C0-2F11-4A80-8CF8-A007F27F434B}.Release|Any CPU.ActiveCfg = Release|Any CPU
		{AD2BB6C0-2F11-4A80-8CF8-A007F27F434B}.Release|Any CPU.Build.0 = Release|Any CPU
		{71F6DB11-9556-4F9C-AC41-BB8627ACF9FB}.Debug|Any CPU.ActiveCfg = Debug|Any CPU
		{71F6DB11-9556-4F9C-AC41-BB8627ACF9FB}.Debug|Any CPU.Build.0 = Debug|Any CPU
		{71F6DB11-9556-4F9C-AC41-BB8627ACF9FB}.Release|Any CPU.ActiveCfg = Release|Any CPU
		{71F6DB11-9556-4F9C-AC41-BB8627ACF9FB}.Release|Any CPU.Build.0 = Release|Any CPU
		{1B835A0F-5413-4587-A5BB-895A6A93D894}.Debug|Any CPU.ActiveCfg = Debug|Any CPU
		{1B835A0F-5413-4587-A5BB-895A6A93D894}.Debug|Any CPU.Build.0 = Debug|Any CPU
		{1B835A0F-5413-4587-A5BB-895A6A93D894}.Release|Any CPU.ActiveCfg = Release|Any CPU
		{1B835A0F-5413-4587-A5BB-895A6A93D894}.Release|Any CPU.Build.0 = Release|Any CPU
		{D9CF1171-9A58-4038-A063-542C8E6A347B}.Debug|Any CPU.ActiveCfg = Debug|Any CPU
		{D9CF1171-9A58-4038-A063-542C8E6A347B}.Debug|Any CPU.Build.0 = Debug|Any CPU
		{D9CF1171-9A58-4038-A063-542C8E6A347B}.Release|Any CPU.ActiveCfg = Release|Any CPU
		{D9CF1171-9A58-4038-A063-542C8E6A347B}.Release|Any CPU.Build.0 = Release|Any CPU
		{67478467-908E-4602-B52B-B3C937CB7379}.Debug|Any CPU.ActiveCfg = Debug|Any CPU
		{67478467-908E-4602-B52B-B3C937CB7379}.Debug|Any CPU.Build.0 = Debug|Any CPU
		{67478467-908E-4602-B52B-B3C937CB7379}.Release|Any CPU.ActiveCfg = Release|Any CPU
		{67478467-908E-4602-B52B-B3C937CB7379}.Release|Any CPU.Build.0 = Release|Any CPU
		{54DD3EF5-3AE3-4CBC-8C46-CE8906F64332}.Debug|Any CPU.ActiveCfg = Debug|Any CPU
		{54DD3EF5-3AE3-4CBC-8C46-CE8906F64332}.Debug|Any CPU.Build.0 = Debug|Any CPU
		{54DD3EF5-3AE3-4CBC-8C46-CE8906F64332}.Release|Any CPU.ActiveCfg = Release|Any CPU
		{54DD3EF5-3AE3-4CBC-8C46-CE8906F64332}.Release|Any CPU.Build.0 = Release|Any CPU
		{3702992A-22A9-45FC-A6E6-1B3D9A2003B4}.Debug|Any CPU.ActiveCfg = Debug|Any CPU
		{3702992A-22A9-45FC-A6E6-1B3D9A2003B4}.Debug|Any CPU.Build.0 = Debug|Any CPU
		{3702992A-22A9-45FC-A6E6-1B3D9A2003B4}.Release|Any CPU.ActiveCfg = Release|Any CPU
		{3702992A-22A9-45FC-A6E6-1B3D9A2003B4}.Release|Any CPU.Build.0 = Release|Any CPU
		{59099E8F-4835-4C02-BC1C-405D9E9F22AB}.Debug|Any CPU.ActiveCfg = Debug|Any CPU
		{59099E8F-4835-4C02-BC1C-405D9E9F22AB}.Debug|Any CPU.Build.0 = Debug|Any CPU
		{59099E8F-4835-4C02-BC1C-405D9E9F22AB}.Release|Any CPU.ActiveCfg = Release|Any CPU
		{59099E8F-4835-4C02-BC1C-405D9E9F22AB}.Release|Any CPU.Build.0 = Release|Any CPU
		{7E9E545D-B9AE-45FC-B9B7-C072D83F01B2}.Debug|Any CPU.ActiveCfg = Debug|Any CPU
		{7E9E545D-B9AE-45FC-B9B7-C072D83F01B2}.Debug|Any CPU.Build.0 = Debug|Any CPU
		{7E9E545D-B9AE-45FC-B9B7-C072D83F01B2}.Release|Any CPU.ActiveCfg = Release|Any CPU
		{7E9E545D-B9AE-45FC-B9B7-C072D83F01B2}.Release|Any CPU.Build.0 = Release|Any CPU
		{A9D5263D-5DEB-4C21-BEB8-4E0C96EB4241}.Debug|Any CPU.ActiveCfg = Debug|Any CPU
		{A9D5263D-5DEB-4C21-BEB8-4E0C96EB4241}.Debug|Any CPU.Build.0 = Debug|Any CPU
		{A9D5263D-5DEB-4C21-BEB8-4E0C96EB4241}.Release|Any CPU.ActiveCfg = Release|Any CPU
		{A9D5263D-5DEB-4C21-BEB8-4E0C96EB4241}.Release|Any CPU.Build.0 = Release|Any CPU
		{18ED37DA-EB07-445B-8870-8DAFDBB87C4F}.Debug|Any CPU.ActiveCfg = Debug|Any CPU
		{18ED37DA-EB07-445B-8870-8DAFDBB87C4F}.Debug|Any CPU.Build.0 = Debug|Any CPU
		{18ED37DA-EB07-445B-8870-8DAFDBB87C4F}.Release|Any CPU.ActiveCfg = Release|Any CPU
		{18ED37DA-EB07-445B-8870-8DAFDBB87C4F}.Release|Any CPU.Build.0 = Release|Any CPU
		{AC9FE8E7-A2F2-480D-AF7C-721BEFF59955}.Debug|Any CPU.ActiveCfg = Debug|Any CPU
		{AC9FE8E7-A2F2-480D-AF7C-721BEFF59955}.Debug|Any CPU.Build.0 = Debug|Any CPU
		{AC9FE8E7-A2F2-480D-AF7C-721BEFF59955}.Release|Any CPU.ActiveCfg = Release|Any CPU
		{AC9FE8E7-A2F2-480D-AF7C-721BEFF59955}.Release|Any CPU.Build.0 = Release|Any CPU
		{8921A8B6-892A-49E6-9039-E9605768E103}.Debug|Any CPU.ActiveCfg = Debug|Any CPU
		{8921A8B6-892A-49E6-9039-E9605768E103}.Debug|Any CPU.Build.0 = Debug|Any CPU
		{8921A8B6-892A-49E6-9039-E9605768E103}.Release|Any CPU.ActiveCfg = Release|Any CPU
		{8921A8B6-892A-49E6-9039-E9605768E103}.Release|Any CPU.Build.0 = Release|Any CPU
	EndGlobalSection
	GlobalSection(SolutionProperties) = preSolution
		HideSolutionNode = FALSE
	EndGlobalSection
	GlobalSection(ExtensibilityGlobals) = postSolution
		SolutionGuid = {D45EFF28-0A03-4A83-851F-A4CE96FCF541}
	EndGlobalSection
EndGlobal
